github.com/smhanov/laconic v0.0.0-20260225022258-219fbb2b10cc h1:A0Z+e+LLbBFvv69MWhepxLZhM+jlWb+/K9bww11f2EU=
github.com/smhanov/laconic v0.0.0-20260225022258-219fbb2b10cc/go.mod h1:kUzX4+/o7F6xqvcy2tDso6GGMPjvhCOFk758ko89fdY=
github.com/smhanov/llmhub v0.0.0-20260327012952-249e6c4748e8 h1:cp1g/yka3seIbbcScYW9lu1ExY7qrJwDcLw1LJ3wWu4=
github.com/smhanov/llmhub v0.0.0-20260327012952-249e6c4748e8/go.mod h1:+PRAvr02YI9zTi8rB2cbAi7tBP8KYOn0xK/8XQFzCu4=
